
Microsoft Visual Studio Solution File, Format Version 12.00
# Visual Studio Version 17
VisualStudioVersion = 17.5.33502.453
MinimumVisualStudioVersion = 10.0.40219.1
Project("{FAE04EC0-301F-11D3-BF4B-00C04F79EFBC}") = "ConsoleApp66", "ConsoleApp66\ConsoleApp66.csproj", "{586B81DC-66DE-47BA-B627-347D2D21AEC1}"
EndProject
Global
	GlobalSection(SolutionConfigurationPlatforms) = preSolution
		Debug|Any CPU = Debug|Any CPU
		Release|Any CPU = Release|Any CPU
	EndGlobalSection
	GlobalSection(ProjectConfigurationPlatforms) = postSolution
		{586B81DC-66DE-47BA-B627-347D2D21AEC1}.Debug|Any CPU.ActiveCfg = Debug|Any CPU
		{586B81DC-66DE-47BA-B627-347D2D21AEC1}.Debug|Any CPU.Build.0 = Debug|Any CPU
		{586B81DC-66DE-47BA-B627-347D2D21AEC1}.Release|Any CPU.ActiveCfg = Release|Any CPU
		{586B81DC-66DE-47BA-B627-347D2D21AEC1}.Release|Any CPU.Build.0 = Release|Any CPU
	EndGlobalSection
	GlobalSection(SolutionProperties) = preSolution
		HideSolutionNode = FALSE
	EndGlobalSection
	GlobalSection(ExtensibilityGlobals) = postSolution
		SolutionGuid = {BAB7460D-BCEF-476B-8E67-83C10E2A59EF}
	EndGlobalSection
EndGlobal
